PODS:
  - AFNetworking (3.1.0):
    - AFNetworking/NSURLSession (= 3.1.0)
    - AFNetworking/Reachability (= 3.1.0)
    - AFNetworking/Security (= 3.1.0)
    - AFNetworking/Serialization (= 3.1.0)
    - AFNetworking/UIKit (= 3.1.0)
  - AFNetworking/NSURLSession (3.1.0):
    - AFNetworking/Reachability
    - AFNetworking/Security
    - AFNetworking/Serialization
  - AFNetworking/Reachability (3.1.0)
  - AFNetworking/Security (3.1.0)
  - AFNetworking/Serialization (3.1.0)
  - AFNetworking/UIKit (3.1.0):
    - AFNetworking/NSURLSession
  - HexColors (4.0.0)
  - pjsip (2.9.0.2)
  - "UIView+draggable (1.1.0)"

DEPENDENCIES:
  - AFNetworking (~> 3.1)
  - HexColors (~> 4.0.0)
  - pjsip (~> 2.9.0.2)
  - "UIView+draggable"

SPEC REPOS:
  trunk:
    - AFNetworking
    - HexColors
    - pjsip
    - "UIView+draggable"

SPEC CHECKSUMS:
  AFNetworking: 5e0e199f73d8626b11e79750991f5d173d1f8b67
  HexColors: 5f95843ef89aff6a72e1fd3a8ebabf205cc43379
  pjsip: faa8aa0e79b341155801b87c2ea3015003d05ed9
  "UIView+draggable": ddfbeb6bdfdeba63d9ccf32dc9be2b66cc589717

PODFILE CHECKSUM: 3023e3fcd5e0c9b167086ecc0d57edcb6b298575

COCOAPODS: 1.8.4
